<?xml version='1.0' encoding='UTF-8'?>
<Scheme LastUpgradeVersion='2640' version='1.7'>
   <BuildAction parallelizeBuildables='YES' buildImplicitDependencies='YES' buildArchitectures='Automatic'>
      <BuildActionEntries>
         <BuildActionEntry buildForTesting='YES' buildForRunning='YES' buildForProfiling='YES' buildForArchiving='YES' buildForAnalyzing='YES'>
            <BuildableReference BuildableIdentifier='primary' BlueprintIdentifier='6A0E760B2B00000100ABC001' BuildableName='Yavaa.app' BlueprintName='YavaaIPhone' ReferencedContainer='container:iphone.xcodeproj'/>
         </BuildActionEntry>
      </BuildActionEntries>
   </BuildAction>
   <TestAction buildConfiguration='Debug' selectedDebuggerIdentifier='Xcode.DebuggerFoundation.Debugger.LLDB' selectedLauncherIdentifier='Xcode.DebuggerFoundation.Launcher.LLDB' shouldUseLaunchSchemeArgsEnv='YES'>
      <Testables/>
   </TestAction>
   <LaunchAction buildConfiguration='Debug' selectedDebuggerIdentifier='Xcode.DebuggerFoundation.Debugger.LLDB' selectedLauncherIdentifier='Xcode.DebuggerFoundation.Launcher.LLDB' launchStyle='0' useCustomWorkingDirectory='NO' ignoresPersistentStateOnLaunch='NO' debugDocumentVersioning='YES' debugServiceExtension='internal' allowLocationSimulation='YES'>
      <BuildableProductRunnable runnableDebuggingMode='0'>
         <BuildableReference BuildableIdentifier='primary' BlueprintIdentifier='6A0E760B2B00000100ABC001' BuildableName='Yavaa.app' BlueprintName='YavaaIPhone' ReferencedContainer='container:iphone.xcodeproj'/>
      </BuildableProductRunnable>
      <EnvironmentVariables>
         <EnvironmentVariable key='YAVAA_API_BASE_URL' value='https://www.yavaa.lat' isEnabled='YES'/>
         <EnvironmentVariable key='YAVAA_SUPABASE_URL' value='https://mvzkbhnfuhjvnojncwbf.supabase.co' isEnabled='YES'/>
         <EnvironmentVariable key='YAVAA_SUPABASE_PUBLISHABLE_KEY' value='sb_publishable_GzzsGRN3w9dtjg3ZkNn81A_noGzYnZE' isEnabled='YES'/>
      </EnvironmentVariables>
   </LaunchAction>
   <ProfileAction buildConfiguration='Release' shouldUseLaunchSchemeArgsEnv='YES' savedToolIdentifier='' useCustomWorkingDirectory='NO' debugDocumentVersioning='YES'>
      <BuildableProductRunnable runnableDebuggingMode='0'>
         <BuildableReference BuildableIdentifier='primary' BlueprintIdentifier='6A0E760B2B00000100ABC001' BuildableName='Yavaa.app' BlueprintName='YavaaIPhone' ReferencedContainer='container:iphone.xcodeproj'/>
      </BuildableProductRunnable>
   </ProfileAction>
   <AnalyzeAction buildConfiguration='Debug'/>
   <ArchiveAction buildConfiguration='Release' revealArchiveInOrganizer='YES'/>
</Scheme>
